// !$*UTF8*$!
{
	archiveVersion = 1;
	classes = {
	};
	objectVersion = 50;
	objects = {

/* Begin PBXBuildFile section */
		219F614A26EFA0B30040C18B /* AppDelegate.swift in Sources */ = {isa = PBXBuildFile; fileRef = 219F614926EFA0B30040C18B /* AppDelegate.swift */; };
		219F614C26EFA0B30040C18B /* SceneDelegate.swift in Sources */ = {isa = PBXBuildFile; fileRef = 219F614B26EFA0B30040C18B /* SceneDelegate.swift */; };
		219F614E26EFA0B30040C18B /* ViewController.swift in Sources */ = {isa = PBXBuildFile; fileRef = 219F614D26EFA0B30040C18B /* ViewController.swift */; };
		219F615126EFA0B30040C18B /* Main.storyboard in Resources */ = {isa = PBXBuildFile; fileRef = 219F614F26EFA0B30040C18B /* Main.storyboard */; };
		219F615326EFA0B50040C18B /* Assets.xcassets in Resources */ = {isa = PBXBuildFile; fileRef = 219F615226EFA0B50040C18B /* Assets.xcassets */; };
		219F615626EFA0B50040C18B /* LaunchScreen.storyboard in Resources */ = {isa = PBXBuildFile; fileRef = 219F615426EFA0B50040C18B /* LaunchScreen.storyboard */; };
		21FF261726EFE3AF001C4111 /* TelaExemploView.swift in Sources */ = {isa = PBXBuildFile; fileRef = 21FF261626EFE3AF001C4111 /* TelaExemploView.swift */; };
		21FF261926F0D2C2001C4111 /* TelaXibViewController.swift in Sources */ = {isa = PBXBuildFile; fileRef = 21FF261826F0D2C2001C4111 /* TelaXibViewController.swift */; };
		21FF261B26F0D38C001C4111 /* TelaExemploView.xib in Resources */ = {isa = PBXBuildFile; fileRef = 21FF261A26F0D38C001C4111 /* TelaExemploView.xib */; };
		21FF261D26F224AD001C4111 /* TelaViewcodeViewController.swift in Sources */ = {isa = PBXBuildFile; fileRef = 21FF261C26F224AD001C4111 /* TelaViewcodeViewController.swift */; };
/* End PBXBuildFile section */

/* Begin PBXFileReference section */
		219F614626EFA0B30040C18B /* StoryboardXibViewcode.app */ = {isa = PBXFileReference; explicitFileType = wrapper.application; includeInIndex = 0; path = StoryboardXibViewcode.app; sourceTree = BUILT_PRODUCTS_DIR; };
		219F614926EFA0B30040C18B /* AppDelegate.swift */ = {isa = PBXFileReference; lastKnownFileType = sourcecode.swift; path = AppDelegate.swift; sourceTree = "<group>"; };
		219F614B26EFA0B30040C18B /* SceneDelegate.swift */ = {isa = PBXFileReference; lastKnownFileType = sourcecode.swift; path = SceneDelegate.swift; sourceTree = "<group>"; };
		219F614D26EFA0B30040C18B /* ViewController.swift */ = {isa = PBXFileReference; lastKnownFileType = sourcecode.swift; path = ViewController.swift; sourceTree = "<group>"; };
		219F615026EFA0B30040C18B /* Base */ = {isa = PBXFileReference; lastKnownFileType = file.storyboard; name = Base; path = Base.lproj/Main.storyboard; sourceTree = "<group>"; };
		219F615226EFA0B50040C18B /* Assets.xcassets */ = {isa = PBXFileReference; lastKnownFileType = folder.assetcatalog; path = Assets.xcassets; sourceTree = "<group>"; };
		219F615526EFA0B50040C18B /* Base */ = {isa = PBXFileReference; lastKnownFileType = file.storyboard; name = Base; path = Base.lproj/LaunchScreen.storyboard; sourceTree = "<group>"; };
		219F615726EFA0B50040C18B /* Info.plist */ = {isa = PBXFileReference; lastKnownFileType = text.plist.xml; path = Info.plist; sourceTree = "<group>"; };
		21FF261626EFE3AF001C4111 /* TelaExemploView.swift */ = {isa = PBXFileReference; lastKnownFileType = sourcecode.swift; path = TelaExemploView.swift; sourceTree = "<group>"; };
		21FF261826F0D2C2001C4111 /* TelaXibViewController.swift */ = {isa = PBXFileReference; lastKnownFileType = sourcecode.swift; path = TelaXibViewController.swift; sourceTree = "<group>"; };
		21FF261A26F0D38C001C4111 /* TelaExemploView.xib */ = {isa = PBXFileReference; lastKnownFileType = file.xib; path = TelaExemploView.xib; sourceTree = "<group>"; };
		21FF261C26F224AD001C4111 /* TelaViewcodeViewController.swift */ = {isa = PBXFileReference; lastKnownFileType = sourcecode.swift; path = TelaViewcodeViewController.swift; sourceTree = "<group>"; };
/* End PBXFileReference section */

/* Begin PBXFrameworksBuildPhase section */
		219F614326EFA0B30040C18B /* Frameworks */ = {
			isa = PBXFrameworksBuildPhase;
			buildActionMask = 2147483647;
			files = (
			);
			runOnlyForDeploymentPostprocessing = 0;
		};
/* End PBXFrameworksBuildPhase section */

/* Begin PBXGroup section */
		219F613D26EFA0B30040C18B = {
			isa = PBXGroup;
			children = (
				219F614826EFA0B30040C18B /* StoryboardXibViewcode */,
				219F614726EFA0B30040C18B /* Products */,
			);
			sourceTree = "<group>";
		};
		219F614726EFA0B30040C18B /* Products */ = {
			isa = PBXGroup;
			children = (
				219F614626EFA0B30040C18B /* StoryboardXibViewcode.app */,
			);
			name = Products;
			sourceTree = "<group>";
		};
		219F614826EFA0B30040C18B /* StoryboardXibViewcode */ = {
			isa = PBXGroup;
			children = (
				219F614926EFA0B30040C18B /* AppDelegate.swift */,
				219F614B26EFA0B30040C18B /* SceneDelegate.swift */,
				219F614D26EFA0B30040C18B /* ViewController.swift */,
				219F614F26EFA0B30040C18B /* Main.storyboard */,
				219F615226EFA0B50040C18B /* Assets.xcassets */,
				219F615426EFA0B50040C18B /* LaunchScreen.storyboard */,
				219F615726EFA0B50040C18B /* Info.plist */,
				21FF261626EFE3AF001C4111 /* TelaExemploView.swift */,
				21FF261826F0D2C2001C4111 /* TelaXibViewController.swift */,
				21FF261A26F0D38C001C4111 /* TelaExemploView.xib */,
				21FF261C26F224AD001C4111 /* TelaViewcodeViewController.swift */,
			);
			path = StoryboardXibViewcode;
			sourceTree = "<group>";
		};
/* End PBXGroup section */

/* Begin PBXNativeTarget section */
		219F614526EFA0B30040C18B /* StoryboardXibViewcode */ = {
			isa = PBXNativeTarget;
			buildConfigurationList = 219F615A26EFA0B50040C18B /* Build configuration list for PBXNativeTarget "StoryboardXibViewcode" */;
			buildPhases = (
				219F614226EFA0B30040C18B /* Sources */,
				219F614326EFA0B30040C18B /* Frameworks */,
				219F614426EFA0B30040C18B /* Resources */,
			);
			buildRules = (
			);
			dependencies = (
			);
			name = StoryboardXibViewcode;
			productName = StoryboardXibViewcode;
			productReference = 219F614626EFA0B30040C18B /* StoryboardXibViewcode.app */;
			productType = "com.apple.product-type.application";
		};
/* End PBXNativeTarget section */

/* Begin PBXProject section */
		219F613E26EFA0B30040C18B /* Project object */ = {
			isa = PBXProject;
			attributes = {
				LastSwiftUpdateCheck = 1250;
				LastUpgradeCheck = 1250;
				TargetAttributes = {
					219F614526EFA0B30040C18B = {
						CreatedOnToolsVersion = 12.5.1;
					};
				};
			};
			buildConfigurationList = 219F614126EFA0B30040C18B /* Build configuration list for PBXProject "StoryboardXibViewcode" */;
			compatibilityVersion = "Xcode 9.3";
			developmentRegion = en;
			hasScannedForEncodings = 0;
			knownRegions = (
				en,
				Base,
			);
			mainGroup = 219F613D26EFA0B30040C18B;
			productRefGroup = 219F614726EFA0B30040C18B /* Products */;
			projectDirPath = "";
			projectRoot = "";
			targets = (
				219F614526EFA0B30040C18B /* StoryboardXibViewcode */,
			);
		};
/* End PBXProject section */

/* Begin PBXResourcesBuildPhase section */
		219F614426EFA0B30040C18B /* Resources */ = {
			isa = PBXResourcesBuildPhase;
			buildActionMask = 2147483647;
			files = (
				219F615626EFA0B50040C18B /* LaunchScreen.storyboard in Resources */,
				219F615326EFA0B50040C18B /* Assets.xcassets in Resources */,
				219F615126EFA0B30040C18B /* Main.storyboard in Resources */,
				21FF261B26F0D38C001C4111 /* TelaExemploView.xib in Resources */,
			);
			runOnlyForDeploymentPostprocessing = 0;
		};
/* End PBXResourcesBuildPhase section */

/* Begin PBXSourcesBuildPhase section */
		219F614226EFA0B30040C18B /* Sources */ = {
			isa = PBXSourcesBuildPhase;
			buildActionMask = 2147483647;
			files = (
				21FF261926F0D2C2001C4111 /* TelaXibViewController.swift in Sources */,
				219F614E26EFA0B30040C18B /* ViewController.swift in Sources */,
				219F614A26EFA0B30040C18B /* AppDelegate.swift in Sources */,
				21FF261726EFE3AF001C4111 /* TelaExemploView.swift in Sources */,
				21FF261D26F224AD001C4111 /* TelaViewcodeViewController.swift in Sources */,
				219F614C26EFA0B30040C18B /* SceneDelegate.swift in Sources */,
			);
			runOnlyForDeploymentPostprocessing = 0;
		};
/* End PBXSourcesBuildPhase section */

/* Begin PBXVariantGroup section */
		219F614F26EFA0B30040C18B /* Main.storyboard */ = {
			isa = PBXVariantGroup;
			children = (
				219F615026EFA0B30040C18B /* Base */,
			);
			name = Main.storyboard;
			sourceTree = "<group>";
		};
		219F615426EFA0B50040C18B /* LaunchScreen.storyboard */ = {
			isa = PBXVariantGroup;
			children = (
				219F615526EFA0B50040C18B /* Base */,
			);
			name = LaunchScreen.storyboard;
			sourceTree = "<group>";
		};
/* End PBXVariantGroup section */

/* Begin XCBuildConfiguration section */
		219F615826EFA0B50040C18B /* Debug */ = {
			isa = XCBuildConfiguration;
			buildSettings = {
				ALWAYS_SEARCH_USER_PATHS = NO;
				CLANG_ANALYZER_NONNULL = YES;
				CLANG_ANALYZER_NUMBER_OBJECT_CONVERSION = YES_AGGRESSIVE;
				CLANG_CXX_LANGUAGE_STANDARD = "gnu++14";
				CLANG_CXX_LIBRARY = "libc++";
				CLANG_ENABLE_MODULES = YES;
				CLANG_ENABLE_OBJC_ARC = YES;
				CLANG_ENABLE_OBJC_WEAK = YES;
				CLANG_WARN_BLOCK_CAPTURE_AUTORELEASING = YES;
				CLANG_WARN_BOOL_CONVERSION = YES;
				CLANG_WARN_COMMA = YES;
				CLANG_WARN_CONSTANT_CONVERSION = YES;
				CLANG_WARN_DEPRECATED_OBJC_IMPLEMENTATIONS = YES;
				CLANG_WARN_DIRECT_OBJC_ISA_USAGE = YES_ERROR;
				CLANG_WARN_DOCUMENTATION_COMMENTS = YES;
				CLANG_WARN_EMPTY_BODY = YES;
				CLANG_WARN_ENUM_CONVERSION = YES;
				CLANG_WARN_INFINITE_RECURSION = YES;
				CLANG_WARN_INT_CONVERSION = YES;
				CLANG_WARN_NON_LITERAL_NULL_CONVERSION = YES;
				CLANG_WARN_OBJC_IMPLICIT_RETAIN_SELF = YES;
				CLANG_WARN_OBJC_LITERAL_CONVERSION = YES;
				CLANG_WARN_OBJC_ROOT_CLASS = YES_ERROR;
				CLANG_WARN_QUOTED_INCLUDE_IN_FRAMEWORK_HEADER = YES;
				CLANG_WARN_RANGE_LOOP_ANALYSIS = YES;
				CLANG_WARN_STRICT_PROTOTYPES = YES;
				CLANG_WARN_SUSPICIOUS_MOVE = YES;
				CLANG_WARN_UNGUARDED_AVAILABILITY = YES_AGGRESSIVE;
				CLANG_WARN_UNREACHABLE_CODE = YES;
				CLANG_WARN__DUPLICATE_METHOD_MATCH = YES;
				COPY_PHASE_STRIP = NO;
				DEBUG_INFORMATION_FORMAT = dwarf;
				ENABLE_STRICT_OBJC_MSGSEND = YES;
				ENABLE_TESTABILITY = YES;
				GCC_C_LANGUAGE_STANDARD = gnu11;
				GCC_DYNAMIC_NO_PIC = NO;
				GCC_NO_COMMON_BLOCKS = YES;
				GCC_OPTIMIZATION_LEVEL = 0;
				GCC_PREPROCESSOR_DEFINITIONS = (
					"DEBUG=1",
					"$(inherited)",
				);
				GCC_WARN_64_TO_32_BIT_CONVERSION = YES;
				GCC_WARN_ABOUT_RETURN_TYPE = YES_ERROR;
				GCC_WARN_UNDECLARED_SELECTOR = YES;
				GCC_WARN_UNINITIALIZED_AUTOS = YES_AGGRESSIVE;
				GCC_WARN_UNUSED_FUNCTION = YES;
				GCC_WARN_UNUSED_VARIABLE = YES;
				IPHONEOS_DEPLOYMENT_TARGET = 14.5;
				MTL_ENABLE_DEBUG_INFO = INCLUDE_SOURCE;
				MTL_FAST_MATH = YES;
				ONLY_ACTIVE_ARCH = YES;
				SDKROOT = iphoneos;
				SWIFT_ACTIVE_COMPILATION_CONDITIONS = DEBUG;
				SWIFT_OPTIMIZATION_LEVEL = "-Onone";
			};
			name = Debug;
		};
		219F615926EFA0B50040C18B /* Release */ = {
			isa = XCBuildConfiguration;
			buildSettings = {
				ALWAYS_SEARCH_USER_PATHS = NO;
				CLANG_ANALYZER_NONNULL = YES;
				CLANG_ANALYZER_NUMBER_OBJECT_CONVERSION = YES_AGGRESSIVE;
				CLANG_CXX_LANGUAGE_STANDARD = "gnu++14";
				CLANG_CXX_LIBRARY = "libc++";
				CLANG_ENABLE_MODULES = YES;
				CLANG_ENABLE_OBJC_ARC = YES;
				CLANG_ENABLE_OBJC_WEAK = YES;
				CLANG_WARN_BLOCK_CAPTURE_AUTORELEASING = YES;
				CLANG_WARN_BOOL_CONVERSION = YES;
				CLANG_WARN_COMMA = YES;
				CLANG_WARN_CONSTANT_CONVERSION = YES;
				CLANG_WARN_DEPRECATED_OBJC_IMPLEMENTATIONS = YES;
				CLANG_WARN_DIRECT_OBJC_ISA_USAGE = YES_ERROR;
				CLANG_WARN_DOCUMENTATION_COMMENTS = YES;
				CLANG_WARN_EMPTY_BODY = YES;
				CLANG_WARN_ENUM_CONVERSION = YES;
				CLANG_WARN_INFINITE_RECURSION = YES;
				CLANG_WARN_INT_CONVERSION = YES;
				CLANG_WARN_NON_LITERAL_NULL_CONVERSION = YES;
				CLANG_WARN_OBJC_IMPLICIT_RETAIN_SELF = YES;
				CLANG_WARN_OBJC_LITERAL_CONVERSION = YES;
				CLANG_WARN_OBJC_ROOT_CLASS = YES_ERROR;
				CLANG_WARN_QUOTED_INCLUDE_IN_FRAMEWORK_HEADER = YES;
				CLANG_WARN_RANGE_LOOP_ANALYSIS = YES;
				CLANG_WARN_STRICT_PROTOTYPES = YES;
				CLANG_WARN_SUSPICIOUS_MOVE = YES;
				CLANG_WARN_UNGUARDED_AVAILABILITY = YES_AGGRESSIVE;
				CLANG_WARN_UNREACHABLE_CODE = YES;
				CLANG_WARN__DUPLICATE_METHOD_MATCH = YES;
				COPY_PHASE_STRIP = NO;
				DEBUG_INFORMATION_FORMAT = "dwarf-with-dsym";
				ENABLE_NS_ASSERTIONS = NO;
				ENABLE_STRICT_OBJC_MSGSEND = YES;
				GCC_C_LANGUAGE_STANDARD = gnu11;
				GCC_NO_COMMON_BLOCKS = YES;
				GCC_WARN_64_TO_32_BIT_CONVERSION = YES;
				GCC_WARN_ABOUT_RETURN_TYPE = YES_ERROR;
				GCC_WARN_UNDECLARED_SELECTOR = YES;
				GCC_WARN_UNINITIALIZED_AUTOS = YES_AGGRESSIVE;
				GCC_WARN_UNUSED_FUNCTION = YES;
				GCC_WARN_UNUSED_VARIABLE = YES;
				IPHONEOS_DEPLOYMENT_TARGET = 14.5;
				MTL_ENABLE_DEBUG_INFO = NO;
				MTL_FAST_MATH = YES;
				SDKROOT = iphoneos;
				SWIFT_COMPILATION_MODE = wholemodule;
				SWIFT_OPTIMIZATION_LEVEL = "-O";
				VALIDATE_PRODUCT = YES;
			};
			name = Release;
		};
		219F615B26EFA0B50040C18B /* Debug */ = {
			isa = XCBuildConfiguration;
			buildSettings = {
				ASSETCATALOG_COMPILER_APPICON_NAME = AppIcon;
				ASSETCATALOG_COMPILER_GLOBAL_ACCENT_COLOR_NAME = AccentColor;
				CODE_SIGN_STYLE = Automatic;
				DEVELOPMENT_TEAM = YWVBQQ7FR5;
				INFOPLIST_FILE = StoryboardXibViewcode/Info.plist;
				LD_RUNPATH_SEARCH_PATHS = (
					"$(inherited)",
					"@executable_path/Frameworks",
				);
				PRODUCT_BUNDLE_IDENTIFIER = "Ricardo-Santana.StoryboardXibViewcode";
				PRODUCT_NAME = "$(TARGET_NAME)";
				SWIFT_VERSION = 5.0;
				TARGETED_DEVICE_FAMILY = "1,2";
			};
			name = Debug;
		};
		219F615C26EFA0B50040C18B /* Release */ = {
			isa = XCBuildConfiguration;
			buildSettings = {
				ASSETCATALOG_COMPILER_APPICON_NAME = AppIcon;
				ASSETCATALOG_COMPILER_GLOBAL_ACCENT_COLOR_NAME = AccentColor;
				CODE_SIGN_STYLE = Automatic;
				DEVELOPMENT_TEAM = YWVBQQ7FR5;
				INFOPLIST_FILE = StoryboardXibViewcode/Info.plist;
				LD_RUNPATH_SEARCH_PATHS = (
					"$(inherited)",
					"@executable_path/Frameworks",
				);
				PRODUCT_BUNDLE_IDENTIFIER = "Ricardo-Santana.StoryboardXibViewcode";
				PRODUCT_NAME = "$(TARGET_NAME)";
				SWIFT_VERSION = 5.0;
				TARGETED_DEVICE_FAMILY = "1,2";
			};
			name = Release;
		};
/* End XCBuildConfiguration section */

/* Begin XCConfigurationList section */
		219F614126EFA0B30040C18B /* Build configuration list for PBXProject "StoryboardXibViewcode" */ = {
			isa = XCConfigurationList;
			buildConfigurations = (
				219F615826EFA0B50040C18B /* Debug */,
				219F615926EFA0B50040C18B /* Release */,
			);
			defaultConfigurationIsVisible = 0;
			defaultConfigurationName = Release;
		};
		219F615A26EFA0B50040C18B /* Build configuration list for PBXNativeTarget "StoryboardXibViewcode" */ = {
			isa = XCConfigurationList;
			buildConfigurations = (
				219F615B26EFA0B50040C18B /* Debug */,
				219F615C26EFA0B50040C18B /* Release */,
			);
			defaultConfigurationIsVisible = 0;
			defaultConfigurationName = Release;
		};
/* End XCConfigurationList section */
	};
	rootObject = 219F613E26EFA0B30040C18B /* Project object */;
}
